symfony 0ab776227a0d6586c9f1be379926acaa94f64a01
twig f43cc520d6abb3868d36a3011874afbf13166317
monolog b704c49a3051536f67f2d39f13568f74615b9922
doctrine-common b886898821288d305862ee9c567cc5b5cbb4c0dc
doctrine-dbal 148a049df448af9772259e69a034e51c0c080805
doctrine e1647229cd2544bd77f10620e1b95a5781c4a733
swiftmailer 982b4c9498b7dd85e70f6d35e65d909c888e6345
assetic 4aeef88b7908510d0bcbbde357f0adf470534ed8
twig-extensions 446d870272cd87a720e95242eade38a2acf56eaa
metadata 30c622cad82e39a6856b981a9bfb9df06b3cc067
SensioFrameworkExtraBundle 1eda94d838aa885e154f92f426df35f2252cdb92
JMSSecurityExtraBundle e752f888c51425f71382c056961f10f2be642102
SensioDistributionBundle 20b66a408084ad8752f98e50f10533f5245310bf
SensioGeneratorBundle 83b768a487a6878f2bc2ad6859bd61a3651a7885
AsseticBundle 41b5913b5086a0909af92adcb4a6005ee0051b16
JMSSerializerBundle 4ce47e7ce898d6a431433c33e194d3fed7244bd1
KnpMenuBundle f3a73c821ee1eea8326e1a46dc3316bb62be55f9
KnpMenu 724511a46a0b8978986ff2b2bfa8712fba3f5bbb
Exporter be2921f67b291a22186164af27a3aab9a577db17
SonataDoctrineORMAdminBundle 52ce03fb45bc8271f5741736f5c8fc6ff9091532
